
Microsoft Visual Studio Solution File, Format Version 10.00
# Visual Studio 2008
Project("{8BC9CEB8-8B4A-11D0-8D11-00A0C91BC942}") = "a01_tmpnam", "a01_tmpnam\a01_tmpnam.vcproj", "{29FA3FAB-F16B-469D-904F-4F499E313129}"
EndProject
Global
	GlobalSection(SolutionConfigurationPlatforms) = preSolution
		Debug|Win32 = Debug|Win32
		Release|Win32 = Release|Win32
	EndGlobalSection
	GlobalSection(ProjectConfigurationPlatforms) = postSolution
		{29FA3FAB-F16B-469D-904F-4F499E313129}.Debug|Win32.ActiveCfg = Debug|Win32
		{29FA3FAB-F16B-469D-904F-4F499E313129}.Debug|Win32.Build.0 = Debug|Win32
		{29FA3FAB-F16B-469D-904F-4F499E313129}.Release|Win32.ActiveCfg = Release|Win32
		{29FA3FAB-F16B-469D-904F-4F499E313129}.Release|Win32.Build.0 = Release|Win32
	EndGlobalSection
	GlobalSection(SolutionProperties) = preSolution
		HideSolutionNode = FALSE
	EndGlobalSection
EndGlobal
